<?xml version="1.0" encoding="utf-8"?>
<Project ToolsVersion="4.0" xmlns="http://schemas.microsoft.com/developer/msbuild/2003">
  <ItemGroup>
    <Filter Include="Source Files">
      <UniqueIdentifier>{4FC737F1-C7A5-4376-A066-2A32D752A2FF}</UniqueIdentifier>
      <Extensions>cpp;c;cc;cxx;c++;cppm;ixx;def;odl;idl;hpj;bat;asm;asmx</Extensions>
    </Filter>
  </ItemGroup>
  <ItemGroup>
    <ClCompile Include="BranchTrampoline.cpp">
      <Filter>Source Files</Filter>
    </ClCompile>
    <ClCompile Include="BufferStream.cpp">
      <Filter>Source Files</Filter>
    </ClCompile>
    <ClCompile Include="DataStream.cpp">
      <Filter>Source Files</Filter>
    </ClCompile>
    <ClCompile Include="DirectoryIterator.cpp">
      <Filter>Source Files</Filter>
    </ClCompile>
    <ClCompile Include="Errors.cpp">
      <Filter>Source Files</Filter>
    </ClCompile>
    <ClCompile Include="FileStream.cpp">
      <Filter>Source Files</Filter>
    </ClCompile>
    <ClCompile Include="Log.cpp">
      <Filter>Source Files</Filter>
    </ClCompile>
    <ClCompile Include="Relocation.cpp">
      <Filter>Source Files</Filter>
    </ClCompile>
    <ClCompile Include="SafeWrite.cpp">
      <Filter>Source Files</Filter>
    </ClCompile>
    <ClCompile Include="Utilities.cpp">
      <Filter>Source Files</Filter>
    </ClCompile>
  </ItemGroup>
  <ItemGroup>
    <ClInclude Include="BranchTrampoline.h">
      <Filter>Source Files</Filter>
    </ClInclude>
    <ClInclude Include="BufferStream.h">
      <Filter>Source Files</Filter>
    </ClInclude>
    <ClInclude Include="CoreInfo.h">
      <Filter>Source Files</Filter>
    </ClInclude>
    <ClInclude Include="DataStream.h">
      <Filter>Source Files</Filter>
    </ClInclude>
    <ClInclude Include="DirectoryIterator.h">
      <Filter>Source Files</Filter>
    </ClInclude>
    <ClInclude Include="Errors.h">
      <Filter>Source Files</Filter>
    </ClInclude>
    <ClInclude Include="FileStream.h">
      <Filter>Source Files</Filter>
    </ClInclude>
    <ClInclude Include="Log.h">
      <Filter>Source Files</Filter>
    </ClInclude>
    <ClInclude Include="Relocation.h">
      <Filter>Source Files</Filter>
    </ClInclude>
    <ClInclude Include="SafeWrite.h">
      <Filter>Source Files</Filter>
    </ClInclude>
    <ClInclude Include="sfse_version.h">
      <Filter>Source Files</Filter>
    </ClInclude>
    <ClInclude Include="Types.h">
      <Filter>Source Files</Filter>
    </ClInclude>
    <ClInclude Include="Utilities.h">
      <Filter>Source Files</Filter>
    </ClInclude>
  </ItemGroup>
</Project>