<?xml version="1.0" encoding="utf-8"?>
<Project ToolsVersion="4.0" xmlns="http://schemas.microsoft.com/developer/msbuild/2003">
  <ItemGroup>
    <Filter Include="Source Files">
      <UniqueIdentifier>{4FC737F1-C7A5-4376-A066-2A32D752A2FF}</UniqueIdentifier>
      <Extensions>cpp;c;cc;cxx;c++;cppm;ixx;def;odl;idl;hpj;bat;asm;asmx</Extensions>
    </Filter>
  </ItemGroup>
  <ItemGroup>
    <ClCompile Include="GameChargen.cpp">
      <Filter>Source Files</Filter>
    </ClCompile>
    <ClCompile Include="GameConsole.cpp">
      <Filter>Source Files</Filter>
    </ClCompile>
    <ClCompile Include="GameData.cpp">
      <Filter>Source Files</Filter>
    </ClCompile>
    <ClCompile Include="GameExtraData.cpp">
      <Filter>Source Files</Filter>
    </ClCompile>
    <ClCompile Include="GameForms.cpp">
      <Filter>Source Files</Filter>
    </ClCompile>
    <ClCompile Include="GameLock.cpp">
      <Filter>Source Files</Filter>
    </ClCompile>
    <ClCompile Include="GameMemory.cpp">
      <Filter>Source Files</Filter>
    </ClCompile>
    <ClCompile Include="GameRTTI.cpp">
      <Filter>Source Files</Filter>
    </ClCompile>
    <ClCompile Include="GameScript.cpp">
      <Filter>Source Files</Filter>
    </ClCompile>
    <ClCompile Include="GameSettings.cpp">
      <Filter>Source Files</Filter>
    </ClCompile>
    <ClCompile Include="GameTypes.cpp">
      <Filter>Source Files</Filter>
    </ClCompile>
    <ClCompile Include="GameUI.cpp">
      <Filter>Source Files</Filter>
    </ClCompile>
    <ClCompile Include="Hooks_Command.cpp">
      <Filter>Source Files</Filter>
    </ClCompile>
    <ClCompile Include="Hooks_Data.cpp">
      <Filter>Source Files</Filter>
    </ClCompile>
    <ClCompile Include="Hooks_Scaleform.cpp">
      <Filter>Source Files</Filter>
    </ClCompile>
    <ClCompile Include="Hooks_Script.cpp">
      <Filter>Source Files</Filter>
    </ClCompile>
    <ClCompile Include="Hooks_Version.cpp">
      <Filter>Source Files</Filter>
    </ClCompile>
    <ClCompile Include="NiExtraData.cpp">
      <Filter>Source Files</Filter>
    </ClCompile>
    <ClCompile Include="NiObject.cpp">
      <Filter>Source Files</Filter>
    </ClCompile>
    <ClCompile Include="NiRTTI.cpp">
      <Filter>Source Files</Filter>
    </ClCompile>
    <ClCompile Include="PluginManager.cpp">
      <Filter>Source Files</Filter>
    </ClCompile>
    <ClCompile Include="ScaleformMemory.cpp">
      <Filter>Source Files</Filter>
    </ClCompile>
    <ClCompile Include="sfse.cpp">
      <Filter>Source Files</Filter>
    </ClCompile>
  </ItemGroup>
  <ItemGroup>
    <None Include="sfse.def">
      <Filter>Source Files</Filter>
    </None>
    <None Include="GameRTTI.inl">
      <Filter>Source Files</Filter>
    </None>
  </ItemGroup>
  <ItemGroup>
    <ClInclude Include="GameChargen.h">
      <Filter>Source Files</Filter>
    </ClInclude>
    <ClInclude Include="GameConsole.h">
      <Filter>Source Files</Filter>
    </ClInclude>
    <ClInclude Include="GameData.h">
      <Filter>Source Files</Filter>
    </ClInclude>
    <ClInclude Include="GameEvents.h">
      <Filter>Source Files</Filter>
    </ClInclude>
    <ClInclude Include="GameExtraData.h">
      <Filter>Source Files</Filter>
    </ClInclude>
    <ClInclude Include="GameFormComponents.h">
      <Filter>Source Files</Filter>
    </ClInclude>
    <ClInclude Include="GameForms.h">
      <Filter>Source Files</Filter>
    </ClInclude>
    <ClInclude Include="GameLock.h">
      <Filter>Source Files</Filter>
    </ClInclude>
    <ClInclude Include="GameMemory.h">
      <Filter>Source Files</Filter>
    </ClInclude>
    <ClInclude Include="GameMenu.h">
      <Filter>Source Files</Filter>
    </ClInclude>
    <ClInclude Include="GameObjects.h">
      <Filter>Source Files</Filter>
    </ClInclude>
    <ClInclude Include="GameReferences.h">
      <Filter>Source Files</Filter>
    </ClInclude>
    <ClInclude Include="GameReflection.h">
      <Filter>Source Files</Filter>
    </ClInclude>
    <ClInclude Include="GameRTTI.h">
      <Filter>Source Files</Filter>
    </ClInclude>
    <ClInclude Include="GameScript.h">
      <Filter>Source Files</Filter>
    </ClInclude>
    <ClInclude Include="GameSettings.h">
      <Filter>Source Files</Filter>
    </ClInclude>
    <ClInclude Include="GameSingleton.h">
      <Filter>Source Files</Filter>
    </ClInclude>
    <ClInclude Include="GameStreams.h">
      <Filter>Source Files</Filter>
    </ClInclude>
    <ClInclude Include="GameTypes.h">
      <Filter>Source Files</Filter>
    </ClInclude>
    <ClInclude Include="GameUI.h">
      <Filter>Source Files</Filter>
    </ClInclude>
    <ClInclude Include="Hooks_Command.h">
      <Filter>Source Files</Filter>
    </ClInclude>
    <ClInclude Include="Hooks_Data.h">
      <Filter>Source Files</Filter>
    </ClInclude>
    <ClInclude Include="Hooks_Scaleform.h">
      <Filter>Source Files</Filter>
    </ClInclude>
    <ClInclude Include="Hooks_Script.h">
      <Filter>Source Files</Filter>
    </ClInclude>
    <ClInclude Include="Hooks_Version.h">
      <Filter>Source Files</Filter>
    </ClInclude>
    <ClInclude Include="NiExtraData.h">
      <Filter>Source Files</Filter>
    </ClInclude>
    <ClInclude Include="NiObject.h">
      <Filter>Source Files</Filter>
    </ClInclude>
    <ClInclude Include="NiRTTI.h">
      <Filter>Source Files</Filter>
    </ClInclude>
    <ClInclude Include="NiTypes.h">
      <Filter>Source Files</Filter>
    </ClInclude>
    <ClInclude Include="PapyrusNativeFunctions.h">
      <Filter>Source Files</Filter>
    </ClInclude>
    <ClInclude Include="PluginAPI.h">
      <Filter>Source Files</Filter>
    </ClInclude>
    <ClInclude Include="PluginManager.h">
      <Filter>Source Files</Filter>
    </ClInclude>
    <ClInclude Include="ScaleformFunctions.h">
      <Filter>Source Files</Filter>
    </ClInclude>
    <ClInclude Include="ScaleformLoader.h">
      <Filter>Source Files</Filter>
    </ClInclude>
    <ClInclude Include="ScaleformLog.h">
      <Filter>Source Files</Filter>
    </ClInclude>
    <ClInclude Include="ScaleformManager.h">
      <Filter>Source Files</Filter>
    </ClInclude>
    <ClInclude Include="ScaleformMemory.h">
      <Filter>Source Files</Filter>
    </ClInclude>
    <ClInclude Include="ScaleformMovie.h">
      <Filter>Source Files</Filter>
    </ClInclude>
    <ClInclude Include="ScaleformState.h">
      <Filter>Source Files</Filter>
    </ClInclude>
    <ClInclude Include="ScaleformTranslator.h">
      <Filter>Source Files</Filter>
    </ClInclude>
    <ClInclude Include="ScaleformTypes.h">
      <Filter>Source Files</Filter>
    </ClInclude>
    <ClInclude Include="ScaleformValue.h">
      <Filter>Source Files</Filter>
    </ClInclude>
  </ItemGroup>
</Project>